
Microsoft Visual Studio Solution File, Format Version 12.00
# Visual Studio Version 17
VisualStudioVersion = 17.0.31903.59
MinimumVisualStudioVersion = 10.0.40219.1
Project("{2150E333-8FDC-42A3-9474-1A3956D46DE8}") = "src", "src", "{827E0CD3-B72D-47B6-A68D-7590B98EB39B}"
EndProject
Project("{FAE04EC0-301F-11D3-BF4B-00C04F79EFBC}") = "Sortify.App", "src\Sortify.App\Sortify.App.csproj", "{3CCE1301-32B4-4193-BE0F-5381B7C31BBA}"
EndProject
Project("{FAE04EC0-301F-11D3-BF4B-00C04F79EFBC}") = "Sortify.Core", "src\Sortify.Core\Sortify.Core.csproj", "{48F40D02-DAC2-4B36-936D-6C3F25FA4C1D}"
EndProject
Project("{FAE04EC0-301F-11D3-BF4B-00C04F79EFBC}") = "Sortify.Infrastructure", "src\Sortify.Infrastructure\Sortify.Infrastructure.csproj", "{CDD1FF93-4FBA-4D82-A51E-7D92C566506E}"
EndProject
Project("{2150E333-8FDC-42A3-9474-1A3956D46DE8}") = "tests", "tests", "{0AB3BF05-4346-4AA6-1389-037BE0695223}"
EndProject
Project("{FAE04EC0-301F-11D3-BF4B-00C04F79EFBC}") = "Sortify.Core.Tests", "tests\Sortify.Core.Tests\Sortify.Core.Tests.csproj", "{A5621D04-0086-4E75-A3C2-09D763BBECA2}"
EndProject
Global
	GlobalSection(SolutionConfigurationPlatforms) = preSolution
		Debug|Any CPU = Debug|Any CPU
		Debug|x64 = Debug|x64
		Debug|x86 = Debug|x86
		Release|Any CPU = Release|Any CPU
		Release|x64 = Release|x64
		Release|x86 = Release|x86
	EndGlobalSection
	GlobalSection(ProjectConfigurationPlatforms) = postSolution
		{3CCE1301-32B4-4193-BE0F-5381B7C31BBA}.Debug|Any CPU.ActiveCfg = Debug|Any CPU
		{3CCE1301-32B4-4193-BE0F-5381B7C31BBA}.Debug|Any CPU.Build.0 = Debug|Any CPU
		{3CCE1301-32B4-4193-BE0F-5381B7C31BBA}.Debug|x64.ActiveCfg = Debug|Any CPU
		{3CCE1301-32B4-4193-BE0F-5381B7C31BBA}.Debug|x64.Build.0 = Debug|Any CPU
		{3CCE1301-32B4-4193-BE0F-5381B7C31BBA}.Debug|x86.ActiveCfg = Debug|Any CPU
		{3CCE1301-32B4-4193-BE0F-5381B7C31BBA}.Debug|x86.Build.0 = Debug|Any CPU
		{3CCE1301-32B4-4193-BE0F-5381B7C31BBA}.Release|Any CPU.ActiveCfg = Release|Any CPU
		{3CCE1301-32B4-4193-BE0F-5381B7C31BBA}.Release|Any CPU.Build.0 = Release|Any CPU
		{3CCE1301-32B4-4193-BE0F-5381B7C31BBA}.Release|x64.ActiveCfg = Release|Any CPU
		{3CCE1301-32B4-4193-BE0F-5381B7C31BBA}.Release|x64.Build.0 = Release|Any CPU
		{3CCE1301-32B4-4193-BE0F-5381B7C31BBA}.Release|x86.ActiveCfg = Release|Any CPU
		{3CCE1301-32B4-4193-BE0F-5381B7C31BBA}.Release|x86.Build.0 = Release|Any CPU
		{48F40D02-DAC2-4B36-936D-6C3F25FA4C1D}.Debug|Any CPU.ActiveCfg = Debug|Any CPU
		{48F40D02-DAC2-4B36-936D-6C3F25FA4C1D}.Debug|Any CPU.Build.0 = Debug|Any CPU
		{48F40D02-DAC2-4B36-936D-6C3F25FA4C1D}.Debug|x64.ActiveCfg = Debug|Any CPU
		{48F40D02-DAC2-4B36-936D-6C3F25FA4C1D}.Debug|x64.Build.0 = Debug|Any CPU
		{48F40D02-DAC2-4B36-936D-6C3F25FA4C1D}.Debug|x86.ActiveCfg = Debug|Any CPU
		{48F40D02-DAC2-4B36-936D-6C3F25FA4C1D}.Debug|x86.Build.0 = Debug|Any CPU
		{48F40D02-DAC2-4B36-936D-6C3F25FA4C1D}.Release|Any CPU.ActiveCfg = Release|Any CPU
		{48F40D02-DAC2-4B36-936D-6C3F25FA4C1D}.Release|Any CPU.Build.0 = Release|Any CPU
		{48F40D02-DAC2-4B36-936D-6C3F25FA4C1D}.Release|x64.ActiveCfg = Release|Any CPU
		{48F40D02-DAC2-4B36-936D-6C3F25FA4C1D}.Release|x64.Build.0 = Release|Any CPU
		{48F40D02-DAC2-4B36-936D-6C3F25FA4C1D}.Release|x86.ActiveCfg = Release|Any CPU
		{48F40D02-DAC2-4B36-936D-6C3F25FA4C1D}.Release|x86.Build.0 = Release|Any CPU
		{CDD1FF93-4FBA-4D82-A51E-7D92C566506E}.Debug|Any CPU.ActiveCfg = Debug|Any CPU
		{CDD1FF93-4FBA-4D82-A51E-7D92C566506E}.Debug|Any CPU.Build.0 = Debug|Any CPU
		{CDD1FF93-4FBA-4D82-A51E-7D92C566506E}.Debug|x64.ActiveCfg = Debug|Any CPU
		{CDD1FF93-4FBA-4D82-A51E-7D92C566506E}.Debug|x64.Build.0 = Debug|Any CPU
		{CDD1FF93-4FBA-4D82-A51E-7D92C566506E}.Debug|x86.ActiveCfg = Debug|Any CPU
		{CDD1FF93-4FBA-4D82-A51E-7D92C566506E}.Debug|x86.Build.0 = Debug|Any CPU
		{CDD1FF93-4FBA-4D82-A51E-7D92C566506E}.Release|Any CPU.ActiveCfg = Release|Any CPU
		{CDD1FF93-4FBA-4D82-A51E-7D92C566506E}.Release|Any CPU.Build.0 = Release|Any CPU
		{CDD1FF93-4FBA-4D82-A51E-7D92C566506E}.Release|x64.ActiveCfg = Release|Any CPU
		{CDD1FF93-4FBA-4D82-A51E-7D92C566506E}.Release|x64.Build.0 = Release|Any CPU
		{CDD1FF93-4FBA-4D82-A51E-7D92C566506E}.Release|x86.ActiveCfg = Release|Any CPU
		{CDD1FF93-4FBA-4D82-A51E-7D92C566506E}.Release|x86.Build.0 = Release|Any CPU
		{A5621D04-0086-4E75-A3C2-09D763BBECA2}.Debug|Any CPU.ActiveCfg = Debug|Any CPU
		{A5621D04-0086-4E75-A3C2-09D763BBECA2}.Debug|Any CPU.Build.0 = Debug|Any CPU
		{A5621D04-0086-4E75-A3C2-09D763BBECA2}.Debug|x64.ActiveCfg = Debug|Any CPU
		{A5621D04-0086-4E75-A3C2-09D763BBECA2}.Debug|x64.Build.0 = Debug|Any CPU
		{A5621D04-0086-4E75-A3C2-09D763BBECA2}.Debug|x86.ActiveCfg = Debug|Any CPU
		{A5621D04-0086-4E75-A3C2-09D763BBECA2}.Debug|x86.Build.0 = Debug|Any CPU
		{A5621D04-0086-4E75-A3C2-09D763BBECA2}.Release|Any CPU.ActiveCfg = Release|Any CPU
		{A5621D04-0086-4E75-A3C2-09D763BBECA2}.Release|Any CPU.Build.0 = Release|Any CPU
		{A5621D04-0086-4E75-A3C2-09D763BBECA2}.Release|x64.ActiveCfg = Release|Any CPU
		{A5621D04-0086-4E75-A3C2-09D763BBECA2}.Release|x64.Build.0 = Release|Any CPU
		{A5621D04-0086-4E75-A3C2-09D763BBECA2}.Release|x86.ActiveCfg = Release|Any CPU
		{A5621D04-0086-4E75-A3C2-09D763BBECA2}.Release|x86.Build.0 = Release|Any CPU
	EndGlobalSection
	GlobalSection(SolutionProperties) = preSolution
		HideSolutionNode = FALSE
	EndGlobalSection
	GlobalSection(NestedProjects) = preSolution
		{3CCE1301-32B4-4193-BE0F-5381B7C31BBA} = {827E0CD3-B72D-47B6-A68D-7590B98EB39B}
		{48F40D02-DAC2-4B36-936D-6C3F25FA4C1D} = {827E0CD3-B72D-47B6-A68D-7590B98EB39B}
		{CDD1FF93-4FBA-4D82-A51E-7D92C566506E} = {827E0CD3-B72D-47B6-A68D-7590B98EB39B}
		{A5621D04-0086-4E75-A3C2-09D763BBECA2} = {0AB3BF05-4346-4AA6-1389-037BE0695223}
	EndGlobalSection
EndGlobal
